// !$*UTF8*$!
{
	archiveVersion = 1;
	classes = {
	};
	objectVersion = 56;
	objects = {

/* Begin PBXBuildFile section */
		3B3825062A4C023700FBF961 /* ArticleDetailViewController.swift in Sources */ = {isa = PBXBuildFile; fileRef = 3B3825052A4C023700FBF961 /* ArticleDetailViewController.swift */; };
		3BA68AAE2A405D3F00795EEA /* HeroHelper.swift in Sources */ = {isa = PBXBuildFile; fileRef = 3BA68AAD2A405D3F00795EEA /* HeroHelper.swift */; };
		3BC0842E2A31FEA5004F9560 /* ArticleListViewController.swift in Sources */ = {isa = PBXBuildFile; fileRef = 3BC0842D2A31FEA5004F9560 /* ArticleListViewController.swift */; };
		3BE25B0E2A1CE9DC0011D684 /* AppDelegate.swift in Sources */ = {isa = PBXBuildFile; fileRef = 3BE25B0D2A1CE9DC0011D684 /* AppDelegate.swift */; };
		3BE25B102A1CE9DC0011D684 /* SceneDelegate.swift in Sources */ = {isa = PBXBuildFile; fileRef = 3BE25B0F2A1CE9DC0011D684 /* SceneDelegate.swift */; };
		3BE25B122A1CE9DC0011D684 /* ProfileViewController.swift in Sources */ = {isa = PBXBuildFile; fileRef = 3BE25B112A1CE9DC0011D684 /* ProfileViewController.swift */; };
		3BE25B152A1CE9DC0011D684 /* Main.storyboard in Resources */ = {isa = PBXBuildFile; fileRef = 3BE25B132A1CE9DC0011D684 /* Main.storyboard */; };
		3BE25B172A1CE9E30011D684 /* Assets.xcassets in Resources */ = {isa = PBXBuildFile; fileRef = 3BE25B162A1CE9E30011D684 /* Assets.xcassets */; };
		3BE25B1A2A1CE9E30011D684 /* LaunchScreen.storyboard in Resources */ = {isa = PBXBuildFile; fileRef = 3BE25B182A1CE9E30011D684 /* LaunchScreen.storyboard */; };
		3BE25B222A1CEE6F0011D684 /* MembersViewController.swift in Sources */ = {isa = PBXBuildFile; fileRef = 3BE25B212A1CEE6F0011D684 /* MembersViewController.swift */; };
		3BE25B242A1CEE990011D684 /* FeedViewController.swift in Sources */ = {isa = PBXBuildFile; fileRef = 3BE25B232A1CEE990011D684 /* FeedViewController.swift */; };
		3BE25B282A1CEEC50011D684 /* CoursesViewController.swift in Sources */ = {isa = PBXBuildFile; fileRef = 3BE25B272A1CEEC50011D684 /* CoursesViewController.swift */; };
		3BE602322A30899E00D4398C /* ArticleListCollectionViewCell.swift in Sources */ = {isa = PBXBuildFile; fileRef = 3BE602312A30899E00D4398C /* ArticleListCollectionViewCell.swift */; };
		3BE602342A30AAA900D4398C /* Blog.swift in Sources */ = {isa = PBXBuildFile; fileRef = 3BE602332A30AAA900D4398C /* Blog.swift */; };
		3BE602362A30ABFB00D4398C /* APICall.swift in Sources */ = {isa = PBXBuildFile; fileRef = 3BE602352A30ABFA00D4398C /* APICall.swift */; };
		AC8C4F40836BD1DA0C6127D2 /* Pods_Dashboard.framework in Frameworks */ = {isa = PBXBuildFile; fileRef = 10C038A230EAFE44C84904A0 /* Pods_Dashboard.framework */; };
/* End PBXBuildFile section */

/* Begin PBXFileReference section */
		10C038A230EAFE44C84904A0 /* Pods_Dashboard.framework */ = {isa = PBXFileReference; explicitFileType = wrapper.framework; includeInIndex = 0; path = Pods_Dashboard.framework; sourceTree = BUILT_PRODUCTS_DIR; };
		3B3825052A4C023700FBF961 /* ArticleDetailViewController.swift */ = {isa = PBXFileReference; lastKnownFileType = sourcecode.swift; path = ArticleDetailViewController.swift; sourceTree = "<group>"; };
		3BA68AAD2A405D3F00795EEA /* HeroHelper.swift */ = {isa = PBXFileReference; lastKnownFileType = sourcecode.swift; path = HeroHelper.swift; sourceTree = "<group>"; };
		3BC0842D2A31FEA5004F9560 /* ArticleListViewController.swift */ = {isa = PBXFileReference; lastKnownFileType = sourcecode.swift; path = ArticleListViewController.swift; sourceTree = "<group>"; };
		3BE25B0A2A1CE9DC0011D684 /* Dashboard.app */ = {isa = PBXFileReference; explicitFileType = wrapper.application; includeInIndex = 0; path = Dashboard.app; sourceTree = BUILT_PRODUCTS_DIR; };
		3BE25B0D2A1CE9DC0011D684 /* AppDelegate.swift */ = {isa = PBXFileReference; lastKnownFileType = sourcecode.swift; path = AppDelegate.swift; sourceTree = "<group>"; };
		3BE25B0F2A1CE9DC0011D684 /* SceneDelegate.swift */ = {isa = PBXFileReference; lastKnownFileType = sourcecode.swift; path = SceneDelegate.swift; sourceTree = "<group>"; };
		3BE25B112A1CE9DC0011D684 /* ProfileViewController.swift */ = {isa = PBXFileReference; lastKnownFileType = sourcecode.swift; path = ProfileViewController.swift; sourceTree = "<group>"; };
		3BE25B142A1CE9DC0011D684 /* Base */ = {isa = PBXFileReference; lastKnownFileType = file.storyboard; name = Base; path = Base.lproj/Main.storyboard; sourceTree = "<group>"; };
		3BE25B162A1CE9E30011D684 /* Assets.xcassets */ = {isa = PBXFileReference; lastKnownFileType = folder.assetcatalog; path = Assets.xcassets; sourceTree = "<group>"; };
		3BE25B192A1CE9E30011D684 /* Base */ = {isa = PBXFileReference; lastKnownFileType = file.storyboard; name = Base; path = Base.lproj/LaunchScreen.storyboard; sourceTree = "<group>"; };
		3BE25B1B2A1CE9E30011D684 /* Info.plist */ = {isa = PBXFileReference; lastKnownFileType = text.plist.xml; path = Info.plist; sourceTree = "<group>"; };
		3BE25B212A1CEE6F0011D684 /* MembersViewController.swift */ = {isa = PBXFileReference; lastKnownFileType = sourcecode.swift; path = MembersViewController.swift; sourceTree = "<group>"; };
		3BE25B232A1CEE990011D684 /* FeedViewController.swift */ = {isa = PBXFileReference; lastKnownFileType = sourcecode.swift; path = FeedViewController.swift; sourceTree = "<group>"; };
		3BE25B272A1CEEC50011D684 /* CoursesViewController.swift */ = {isa = PBXFileReference; lastKnownFileType = sourcecode.swift; path = CoursesViewController.swift; sourceTree = "<group>"; };
		3BE602312A30899E00D4398C /* ArticleListCollectionViewCell.swift */ = {isa = PBXFileReference; lastKnownFileType = sourcecode.swift; path = ArticleListCollectionViewCell.swift; sourceTree = "<group>"; };
		3BE602332A30AAA900D4398C /* Blog.swift */ = {isa = PBXFileReference; lastKnownFileType = sourcecode.swift; path = Blog.swift; sourceTree = "<group>"; };
		3BE602352A30ABFA00D4398C /* APICall.swift */ = {isa = PBXFileReference; lastKnownFileType = sourcecode.swift; path = APICall.swift; sourceTree = "<group>"; };
		A0D860CB854F2DA07B17E69B /* Pods-Dashboard.debug.xcconfig */ = {isa = PBXFileReference; includeInIndex = 1; lastKnownFileType = text.xcconfig; name = "Pods-Dashboard.debug.xcconfig"; path = "Target Support Files/Pods-Dashboard/Pods-Dashboard.debug.xcconfig"; sourceTree = "<group>"; };
		FB4A77319A9DDFDF0744DE82 /* Pods-Dashboard.release.xcconfig */ = {isa = PBXFileReference; includeInIndex = 1; lastKnownFileType = text.xcconfig; name = "Pods-Dashboard.release.xcconfig"; path = "Target Support Files/Pods-Dashboard/Pods-Dashboard.release.xcconfig"; sourceTree = "<group>"; };
/* End PBXFileReference section */

/* Begin PBXFrameworksBuildPhase section */
		3BE25B072A1CE9DC0011D684 /* Frameworks */ = {
			isa = PBXFrameworksBuildPhase;
			buildActionMask = 2147483647;
			files = (
				AC8C4F40836BD1DA0C6127D2 /* Pods_Dashboard.framework in Frameworks */,
			);
			runOnlyForDeploymentPostprocessing = 0;
		};
/* End PBXFrameworksBuildPhase section */

/* Begin PBXGroup section */
		3BE25B012A1CE9DC0011D684 = {
			isa = PBXGroup;
			children = (
				3BE25B0C2A1CE9DC0011D684 /* Dashboard */,
				3BE25B0B2A1CE9DC0011D684 /* Products */,
				5C6E6C8727F6B592E93A93A2 /* Pods */,
				D3CCAC1FC21BAAE3ADDA1282 /* Frameworks */,
			);
			sourceTree = "<group>";
		};
		3BE25B0B2A1CE9DC0011D684 /* Products */ = {
			isa = PBXGroup;
			children = (
				3BE25B0A2A1CE9DC0011D684 /* Dashboard.app */,
			);
			name = Products;
			sourceTree = "<group>";
		};
		3BE25B0C2A1CE9DC0011D684 /* Dashboard */ = {
			isa = PBXGroup;
			children = (
				3BE25B0D2A1CE9DC0011D684 /* AppDelegate.swift */,
				3BE25B0F2A1CE9DC0011D684 /* SceneDelegate.swift */,
				3BE602352A30ABFA00D4398C /* APICall.swift */,
				3BE602292A3088F100D4398C /* Feed */,
				3BE25B112A1CE9DC0011D684 /* ProfileViewController.swift */,
				3BE25B272A1CEEC50011D684 /* CoursesViewController.swift */,
				3BE25B212A1CEE6F0011D684 /* MembersViewController.swift */,
				3BE25B232A1CEE990011D684 /* FeedViewController.swift */,
				3BE25B132A1CE9DC0011D684 /* Main.storyboard */,
				3BE25B162A1CE9E30011D684 /* Assets.xcassets */,
				3BE25B182A1CE9E30011D684 /* LaunchScreen.storyboard */,
				3BE25B1B2A1CE9E30011D684 /* Info.plist */,
				3BA68AAD2A405D3F00795EEA /* HeroHelper.swift */,
			);
			path = Dashboard;
			sourceTree = "<group>";
		};
		3BE602292A3088F100D4398C /* Feed */ = {
			isa = PBXGroup;
			children = (
				3BE6022A2A3088FB00D4398C /* Model */,
				3BE6022D2A30892E00D4398C /* View */,
				3BE6022E2A30893700D4398C /* Controller */,
			);
			path = Feed;
			sourceTree = "<group>";
		};
		3BE6022A2A3088FB00D4398C /* Model */ = {
			isa = PBXGroup;
			children = (
				3BE602332A30AAA900D4398C /* Blog.swift */,
			);
			path = Model;
			sourceTree = "<group>";
		};
		3BE6022D2A30892E00D4398C /* View */ = {
			isa = PBXGroup;
			children = (
				3BE602312A30899E00D4398C /* ArticleListCollectionViewCell.swift */,
			);
			path = View;
			sourceTree = "<group>";
		};
		3BE6022E2A30893700D4398C /* Controller */ = {
			isa = PBXGroup;
			children = (
				3BC0842D2A31FEA5004F9560 /* ArticleListViewController.swift */,
				3B3825052A4C023700FBF961 /* ArticleDetailViewController.swift */,
			);
			path = Controller;
			sourceTree = "<group>";
		};
		5C6E6C8727F6B592E93A93A2 /* Pods */ = {
			isa = PBXGroup;
			children = (
				A0D860CB854F2DA07B17E69B /* Pods-Dashboard.debug.xcconfig */,
				FB4A77319A9DDFDF0744DE82 /* Pods-Dashboard.release.xcconfig */,
			);
			path = Pods;
			sourceTree = "<group>";
		};
		D3CCAC1FC21BAAE3ADDA1282 /* Frameworks */ = {
			isa = PBXGroup;
			children = (
				10C038A230EAFE44C84904A0 /* Pods_Dashboard.framework */,
			);
			name = Frameworks;
			sourceTree = "<group>";
		};
/* End PBXGroup section */

/* Begin PBXNativeTarget section */
		3BE25B092A1CE9DC0011D684 /* Dashboard */ = {
			isa = PBXNativeTarget;
			buildConfigurationList = 3BE25B1E2A1CE9E30011D684 /* Build configuration list for PBXNativeTarget "Dashboard" */;
			buildPhases = (
				75C3092E9C018CADC4B3981A /* [CP] Check Pods Manifest.lock */,
				3BE25B062A1CE9DC0011D684 /* Sources */,
				3BE25B072A1CE9DC0011D684 /* Frameworks */,
				3BE25B082A1CE9DC0011D684 /* Resources */,
				E626F6C24C0DF9D9B50A9808 /* [CP] Embed Pods Frameworks */,
			);
			buildRules = (
			);
			dependencies = (
			);
			name = Dashboard;
			productName = Dashboard;
			productReference = 3BE25B0A2A1CE9DC0011D684 /* Dashboard.app */;
			productType = "com.apple.product-type.application";
		};
/* End PBXNativeTarget section */

/* Begin PBXProject section */
		3BE25B022A1CE9DC0011D684 /* Project object */ = {
			isa = PBXProject;
			attributes = {
				BuildIndependentTargetsInParallel = 1;
				LastSwiftUpdateCheck = 1400;
				LastUpgradeCheck = 1400;
				TargetAttributes = {
					3BE25B092A1CE9DC0011D684 = {
						CreatedOnToolsVersion = 14.0;
					};
				};
			};
			buildConfigurationList = 3BE25B052A1CE9DC0011D684 /* Build configuration list for PBXProject "Dashboard" */;
			compatibilityVersion = "Xcode 14.0";
			developmentRegion = en;
			hasScannedForEncodings = 0;
			knownRegions = (
				en,
				Base,
			);
			mainGroup = 3BE25B012A1CE9DC0011D684;
			productRefGroup = 3BE25B0B2A1CE9DC0011D684 /* Products */;
			projectDirPath = "";
			projectRoot = "";
			targets = (
				3BE25B092A1CE9DC0011D684 /* Dashboard */,
			);
		};
/* End PBXProject section */

/* Begin PBXResourcesBuildPhase section */
		3BE25B082A1CE9DC0011D684 /* Resources */ = {
			isa = PBXResourcesBuildPhase;
			buildActionMask = 2147483647;
			files = (
				3BE25B1A2A1CE9E30011D684 /* LaunchScreen.storyboard in Resources */,
				3BE25B172A1CE9E30011D684 /* Assets.xcassets in Resources */,
				3BE25B152A1CE9DC0011D684 /* Main.storyboard in Resources */,
			);
			runOnlyForDeploymentPostprocessing = 0;
		};
/* End PBXResourcesBuildPhase section */

/* Begin PBXShellScriptBuildPhase section */
		75C3092E9C018CADC4B3981A /* [CP] Check Pods Manifest.lock */ = {
			isa = PBXShellScriptBuildPhase;
			buildActionMask = 2147483647;
			files = (
			);
			inputFileListPaths = (
			);
			inputPaths = (
				"${PODS_PODFILE_DIR_PATH}/Podfile.lock",
				"${PODS_ROOT}/Manifest.lock",
			);
			name = "[CP] Check Pods Manifest.lock";
			outputFileListPaths = (
			);
			outputPaths = (
				"$(DERIVED_FILE_DIR)/Pods-Dashboard-checkManifestLockResult.txt",
			);
			runOnlyForDeploymentPostprocessing = 0;
			shellPath = /bin/sh;
			shellScript = "diff \"${PODS_PODFILE_DIR_PATH}/Podfile.lock\" \"${PODS_ROOT}/Manifest.lock\" > /dev/null\nif [ $? != 0 ] ; then\n    # print error to STDERR\n    echo \"error: The sandbox is not in sync with the Podfile.lock. Run 'pod install' or update your CocoaPods installation.\" >&2\n    exit 1\nfi\n# This output is used by Xcode 'outputs' to avoid re-running this script phase.\necho \"SUCCESS\" > \"${SCRIPT_OUTPUT_FILE_0}\"\n";
			showEnvVarsInLog = 0;
		};
		E626F6C24C0DF9D9B50A9808 /* [CP] Embed Pods Frameworks */ = {
			isa = PBXShellScriptBuildPhase;
			buildActionMask = 2147483647;
			files = (
			);
			inputFileListPaths = (
				"${PODS_ROOT}/Target Support Files/Pods-Dashboard/Pods-Dashboard-frameworks-${CONFIGURATION}-input-files.xcfilelist",
			);
			name = "[CP] Embed Pods Frameworks";
			outputFileListPaths = (
				"${PODS_ROOT}/Target Support Files/Pods-Dashboard/Pods-Dashboard-frameworks-${CONFIGURATION}-output-files.xcfilelist",
			);
			runOnlyForDeploymentPostprocessing = 0;
			shellPath = /bin/sh;
			shellScript = "\"${PODS_ROOT}/Target Support Files/Pods-Dashboard/Pods-Dashboard-frameworks.sh\"\n";
			showEnvVarsInLog = 0;
		};
/* End PBXShellScriptBuildPhase section */

/* Begin PBXSourcesBuildPhase section */
		3BE25B062A1CE9DC0011D684 /* Sources */ = {
			isa = PBXSourcesBuildPhase;
			buildActionMask = 2147483647;
			files = (
				3BE25B222A1CEE6F0011D684 /* MembersViewController.swift in Sources */,
				3BE25B282A1CEEC50011D684 /* CoursesViewController.swift in Sources */,
				3BE602362A30ABFB00D4398C /* APICall.swift in Sources */,
				3BC0842E2A31FEA5004F9560 /* ArticleListViewController.swift in Sources */,
				3BE25B122A1CE9DC0011D684 /* ProfileViewController.swift in Sources */,
				3BE25B242A1CEE990011D684 /* FeedViewController.swift in Sources */,
				3BE25B0E2A1CE9DC0011D684 /* AppDelegate.swift in Sources */,
				3BE602342A30AAA900D4398C /* Blog.swift in Sources */,
				3BA68AAE2A405D3F00795EEA /* HeroHelper.swift in Sources */,
				3B3825062A4C023700FBF961 /* ArticleDetailViewController.swift in Sources */,
				3BE602322A30899E00D4398C /* ArticleListCollectionViewCell.swift in Sources */,
				3BE25B102A1CE9DC0011D684 /* SceneDelegate.swift in Sources */,
			);
			runOnlyForDeploymentPostprocessing = 0;
		};
/* End PBXSourcesBuildPhase section */

/* Begin PBXVariantGroup section */
		3BE25B132A1CE9DC0011D684 /* Main.storyboard */ = {
			isa = PBXVariantGroup;
			children = (
				3BE25B142A1CE9DC0011D684 /* Base */,
			);
			name = Main.storyboard;
			sourceTree = "<group>";
		};
		3BE25B182A1CE9E30011D684 /* LaunchScreen.storyboard */ = {
			isa = PBXVariantGroup;
			children = (
				3BE25B192A1CE9E30011D684 /* Base */,
			);
			name = LaunchScreen.storyboard;
			sourceTree = "<group>";
		};
/* End PBXVariantGroup section */

/* Begin XCBuildConfiguration section */
		3BE25B1C2A1CE9E30011D684 /* Debug */ = {
			isa = XCBuildConfiguration;
			buildSettings = {
				ALWAYS_SEARCH_USER_PATHS = NO;
				CLANG_ANALYZER_NONNULL = YES;
				CLANG_ANALYZER_NUMBER_OBJECT_CONVERSION = YES_AGGRESSIVE;
				CLANG_CXX_LANGUAGE_STANDARD = "gnu++20";
				CLANG_ENABLE_MODULES = YES;
				CLANG_ENABLE_OBJC_ARC = YES;
				CLANG_ENABLE_OBJC_WEAK = YES;
				CLANG_WARN_BLOCK_CAPTURE_AUTORELEASING = YES;
				CLANG_WARN_BOOL_CONVERSION = YES;
				CLANG_WARN_COMMA = YES;
				CLANG_WARN_CONSTANT_CONVERSION = YES;
				CLANG_WARN_DEPRECATED_OBJC_IMPLEMENTATIONS = YES;
				CLANG_WARN_DIRECT_OBJC_ISA_USAGE = YES_ERROR;
				CLANG_WARN_DOCUMENTATION_COMMENTS = YES;
				CLANG_WARN_EMPTY_BODY = YES;
				CLANG_WARN_ENUM_CONVERSION = YES;
				CLANG_WARN_INFINITE_RECURSION = YES;
				CLANG_WARN_INT_CONVERSION = YES;
				CLANG_WARN_NON_LITERAL_NULL_CONVERSION = YES;
				CLANG_WARN_OBJC_IMPLICIT_RETAIN_SELF = YES;
				CLANG_WARN_OBJC_LITERAL_CONVERSION = YES;
				CLANG_WARN_OBJC_ROOT_CLASS = YES_ERROR;
				CLANG_WARN_QUOTED_INCLUDE_IN_FRAMEWORK_HEADER = YES;
				CLANG_WARN_RANGE_LOOP_ANALYSIS = YES;
				CLANG_WARN_STRICT_PROTOTYPES = YES;
				CLANG_WARN_SUSPICIOUS_MOVE = YES;
				CLANG_WARN_UNGUARDED_AVAILABILITY = YES_AGGRESSIVE;
				CLANG_WARN_UNREACHABLE_CODE = YES;
				CLANG_WARN__DUPLICATE_METHOD_MATCH = YES;
				COPY_PHASE_STRIP = NO;
				DEBUG_INFORMATION_FORMAT = dwarf;
				ENABLE_STRICT_OBJC_MSGSEND = YES;
				ENABLE_TESTABILITY = YES;
				GCC_C_LANGUAGE_STANDARD = gnu11;
				GCC_DYNAMIC_NO_PIC = NO;
				GCC_NO_COMMON_BLOCKS = YES;
				GCC_OPTIMIZATION_LEVEL = 0;
				GCC_PREPROCESSOR_DEFINITIONS = (
					"DEBUG=1",
					"$(inherited)",
				);
				GCC_WARN_64_TO_32_BIT_CONVERSION = YES;
				GCC_WARN_ABOUT_RETURN_TYPE = YES_ERROR;
				GCC_WARN_UNDECLARED_SELECTOR = YES;
				GCC_WARN_UNINITIALIZED_AUTOS = YES_AGGRESSIVE;
				GCC_WARN_UNUSED_FUNCTION = YES;
				GCC_WARN_UNUSED_VARIABLE = YES;
				IPHONEOS_DEPLOYMENT_TARGET = 16.0;
				MTL_ENABLE_DEBUG_INFO = INCLUDE_SOURCE;
				MTL_FAST_MATH = YES;
				ONLY_ACTIVE_ARCH = YES;
				SDKROOT = iphoneos;
				SWIFT_ACTIVE_COMPILATION_CONDITIONS = DEBUG;
				SWIFT_OPTIMIZATION_LEVEL = "-Onone";
			};
			name = Debug;
		};
		3BE25B1D2A1CE9E30011D684 /* Release */ = {
			isa = XCBuildConfiguration;
			buildSettings = {
				ALWAYS_SEARCH_USER_PATHS = NO;
				CLANG_ANALYZER_NONNULL = YES;
				CLANG_ANALYZER_NUMBER_OBJECT_CONVERSION = YES_AGGRESSIVE;
				CLANG_CXX_LANGUAGE_STANDARD = "gnu++20";
				CLANG_ENABLE_MODULES = YES;
				CLANG_ENABLE_OBJC_ARC = YES;
				CLANG_ENABLE_OBJC_WEAK = YES;
				CLANG_WARN_BLOCK_CAPTURE_AUTORELEASING = YES;
				CLANG_WARN_BOOL_CONVERSION = YES;
				CLANG_WARN_COMMA = YES;
				CLANG_WARN_CONSTANT_CONVERSION = YES;
				CLANG_WARN_DEPRECATED_OBJC_IMPLEMENTATIONS = YES;
				CLANG_WARN_DIRECT_OBJC_ISA_USAGE = YES_ERROR;
				CLANG_WARN_DOCUMENTATION_COMMENTS = YES;
				CLANG_WARN_EMPTY_BODY = YES;
				CLANG_WARN_ENUM_CONVERSION = YES;
				CLANG_WARN_INFINITE_RECURSION = YES;
				CLANG_WARN_INT_CONVERSION = YES;
				CLANG_WARN_NON_LITERAL_NULL_CONVERSION = YES;
				CLANG_WARN_OBJC_IMPLICIT_RETAIN_SELF = YES;
				CLANG_WARN_OBJC_LITERAL_CONVERSION = YES;
				CLANG_WARN_OBJC_ROOT_CLASS = YES_ERROR;
				CLANG_WARN_QUOTED_INCLUDE_IN_FRAMEWORK_HEADER = YES;
				CLANG_WARN_RANGE_LOOP_ANALYSIS = YES;
				CLANG_WARN_STRICT_PROTOTYPES = YES;
				CLANG_WARN_SUSPICIOUS_MOVE = YES;
				CLANG_WARN_UNGUARDED_AVAILABILITY = YES_AGGRESSIVE;
				CLANG_WARN_UNREACHABLE_CODE = YES;
				CLANG_WARN__DUPLICATE_METHOD_MATCH = YES;
				COPY_PHASE_STRIP = NO;
				DEBUG_INFORMATION_FORMAT = "dwarf-with-dsym";
				ENABLE_NS_ASSERTIONS = NO;
				ENABLE_STRICT_OBJC_MSGSEND = YES;
				GCC_C_LANGUAGE_STANDARD = gnu11;
				GCC_NO_COMMON_BLOCKS = YES;
				GCC_WARN_64_TO_32_BIT_CONVERSION = YES;
				GCC_WARN_ABOUT_RETURN_TYPE = YES_ERROR;
				GCC_WARN_UNDECLARED_SELECTOR = YES;
				GCC_WARN_UNINITIALIZED_AUTOS = YES_AGGRESSIVE;
				GCC_WARN_UNUSED_FUNCTION = YES;
				GCC_WARN_UNUSED_VARIABLE = YES;
				IPHONEOS_DEPLOYMENT_TARGET = 16.0;
				MTL_ENABLE_DEBUG_INFO = NO;
				MTL_FAST_MATH = YES;
				SDKROOT = iphoneos;
				SWIFT_COMPILATION_MODE = wholemodule;
				SWIFT_OPTIMIZATION_LEVEL = "-O";
				VALIDATE_PRODUCT = YES;
			};
			name = Release;
		};
		3BE25B1F2A1CE9E30011D684 /* Debug */ = {
			isa = XCBuildConfiguration;
			baseConfigurationReference = A0D860CB854F2DA07B17E69B /* Pods-Dashboard.debug.xcconfig */;
			buildSettings = {
				ASSETCATALOG_COMPILER_APPICON_NAME = AppIcon;
				ASSETCATALOG_COMPILER_GLOBAL_ACCENT_COLOR_NAME = AccentColor;
				CODE_SIGN_STYLE = Automatic;
				CURRENT_PROJECT_VERSION = 1;
				DEVELOPMENT_TEAM = 3EGXVN72T4;
				GENERATE_INFOPLIST_FILE = YES;
				INFOPLIST_FILE = Dashboard/Info.plist;
				INFOPLIST_KEY_UIApplicationSupportsIndirectInputEvents = YES;
				INFOPLIST_KEY_UILaunchStoryboardName = LaunchScreen;
				INFOPLIST_KEY_UIMainStoryboardFile = Main;
				INFOPLIST_KEY_UISupportedInterfaceOrientations_iPad = "UIInterfaceOrientationPortrait UIInterfaceOrientationPortraitUpsideDown UIInterfaceOrientationLandscapeLeft UIInterfaceOrientationLandscapeRight";
				INFOPLIST_KEY_UISupportedInterfaceOrientations_iPhone = "UIInterfaceOrientationPortrait UIInterfaceOrientationLandscapeLeft UIInterfaceOrientationLandscapeRight";
				LD_RUNPATH_SEARCH_PATHS = (
					"$(inherited)",
					"@executable_path/Frameworks",
				);
				MARKETING_VERSION = 1.0;
				PRODUCT_BUNDLE_IDENTIFIER = Dashboard.Dashboard;
				PRODUCT_NAME = "$(TARGET_NAME)";
				SWIFT_EMIT_LOC_STRINGS = YES;
				SWIFT_VERSION = 5.0;
				TARGETED_DEVICE_FAMILY = "1,2";
			};
			name = Debug;
		};
		3BE25B202A1CE9E30011D684 /* Release */ = {
			isa = XCBuildConfiguration;
			baseConfigurationReference = FB4A77319A9DDFDF0744DE82 /* Pods-Dashboard.release.xcconfig */;
			buildSettings = {
				ASSETCATALOG_COMPILER_APPICON_NAME = AppIcon;
				ASSETCATALOG_COMPILER_GLOBAL_ACCENT_COLOR_NAME = AccentColor;
				CODE_SIGN_STYLE = Automatic;
				CURRENT_PROJECT_VERSION = 1;
				DEVELOPMENT_TEAM = 3EGXVN72T4;
				GENERATE_INFOPLIST_FILE = YES;
				INFOPLIST_FILE = Dashboard/Info.plist;
				INFOPLIST_KEY_UIApplicationSupportsIndirectInputEvents = YES;
				INFOPLIST_KEY_UILaunchStoryboardName = LaunchScreen;
				INFOPLIST_KEY_UIMainStoryboardFile = Main;
				INFOPLIST_KEY_UISupportedInterfaceOrientations_iPad = "UIInterfaceOrientationPortrait UIInterfaceOrientationPortraitUpsideDown UIInterfaceOrientationLandscapeLeft UIInterfaceOrientationLandscapeRight";
				INFOPLIST_KEY_UISupportedInterfaceOrientations_iPhone = "UIInterfaceOrientationPortrait UIInterfaceOrientationLandscapeLeft UIInterfaceOrientationLandscapeRight";
				LD_RUNPATH_SEARCH_PATHS = (
					"$(inherited)",
					"@executable_path/Frameworks",
				);
				MARKETING_VERSION = 1.0;
				PRODUCT_BUNDLE_IDENTIFIER = Dashboard.Dashboard;
				PRODUCT_NAME = "$(TARGET_NAME)";
				SWIFT_EMIT_LOC_STRINGS = YES;
				SWIFT_VERSION = 5.0;
				TARGETED_DEVICE_FAMILY = "1,2";
			};
			name = Release;
		};
/* End XCBuildConfiguration section */

/* Begin XCConfigurationList section */
		3BE25B052A1CE9DC0011D684 /* Build configuration list for PBXProject "Dashboard" */ = {
			isa = XCConfigurationList;
			buildConfigurations = (
				3BE25B1C2A1CE9E30011D684 /* Debug */,
				3BE25B1D2A1CE9E30011D684 /* Release */,
			);
			defaultConfigurationIsVisible = 0;
			defaultConfigurationName = Release;
		};
		3BE25B1E2A1CE9E30011D684 /* Build configuration list for PBXNativeTarget "Dashboard" */ = {
			isa = XCConfigurationList;
			buildConfigurations = (
				3BE25B1F2A1CE9E30011D684 /* Debug */,
				3BE25B202A1CE9E30011D684 /* Release */,
			);
			defaultConfigurationIsVisible = 0;
			defaultConfigurationName = Release;
		};
/* End XCConfigurationList section */
	};
	rootObject = 3BE25B022A1CE9DC0011D684 /* Project object */;
}
